// !$*UTF8*$!
{
	archiveVersion = 1;
	classes = {
	};
	objectVersion = 56;
	objects = {

/* Begin PBXBuildFile section */
		934917292A45A26300FFC99D /* ContactList_SwiftUIApp.swift in Sources */ = {isa = PBXBuildFile; fileRef = 934917282A45A26300FFC99D /* ContactList_SwiftUIApp.swift */; };
		9349172B2A45A26300FFC99D /* ContentView.swift in Sources */ = {isa = PBXBuildFile; fileRef = 9349172A2A45A26300FFC99D /* ContentView.swift */; };
		9349172D2A45A26500FFC99D /* Assets.xcassets in Resources */ = {isa = PBXBuildFile; fileRef = 9349172C2A45A26500FFC99D /* Assets.xcassets */; };
		934917302A45A26500FFC99D /* Preview Assets.xcassets in Resources */ = {isa = PBXBuildFile; fileRef = 9349172F2A45A26500FFC99D /* Preview Assets.xcassets */; };
		934917372A45A34200FFC99D /* Person.swift in Sources */ = {isa = PBXBuildFile; fileRef = 934917362A45A34100FFC99D /* Person.swift */; };
		934917392A45A35900FFC99D /* DataStore.swift in Sources */ = {isa = PBXBuildFile; fileRef = 934917382A45A35900FFC99D /* DataStore.swift */; };
		9349173B2A4622A000FFC99D /* ContactsView.swift in Sources */ = {isa = PBXBuildFile; fileRef = 9349173A2A4622A000FFC99D /* ContactsView.swift */; };
		9349173D2A4622C000FFC99D /* ContactDetailsView.swift in Sources */ = {isa = PBXBuildFile; fileRef = 9349173C2A4622C000FFC99D /* ContactDetailsView.swift */; };
		9349173F2A4622D000FFC99D /* NumbersView.swift in Sources */ = {isa = PBXBuildFile; fileRef = 9349173E2A4622D000FFC99D /* NumbersView.swift */; };
		934917412A4622F700FFC99D /* ContactRowView.swift in Sources */ = {isa = PBXBuildFile; fileRef = 934917402A4622F700FFC99D /* ContactRowView.swift */; };
/* End PBXBuildFile section */

/* Begin PBXFileReference section */
		934917252A45A26300FFC99D /* ContactList SwiftUI.app */ = {isa = PBXFileReference; explicitFileType = wrapper.application; includeInIndex = 0; path = "ContactList SwiftUI.app"; sourceTree = BUILT_PRODUCTS_DIR; };
		934917282A45A26300FFC99D /* ContactList_SwiftUIApp.swift */ = {isa = PBXFileReference; lastKnownFileType = sourcecode.swift; path = ContactList_SwiftUIApp.swift; sourceTree = "<group>"; };
		9349172A2A45A26300FFC99D /* ContentView.swift */ = {isa = PBXFileReference; lastKnownFileType = sourcecode.swift; path = ContentView.swift; sourceTree = "<group>"; };
		9349172C2A45A26500FFC99D /* Assets.xcassets */ = {isa = PBXFileReference; lastKnownFileType = folder.assetcatalog; path = Assets.xcassets; sourceTree = "<group>"; };
		9349172F2A45A26500FFC99D /* Preview Assets.xcassets */ = {isa = PBXFileReference; lastKnownFileType = folder.assetcatalog; path = "Preview Assets.xcassets"; sourceTree = "<group>"; };
		934917362A45A34100FFC99D /* Person.swift */ = {isa = PBXFileReference; fileEncoding = 4; lastKnownFileType = sourcecode.swift; path = Person.swift; sourceTree = "<group>"; };
		934917382A45A35900FFC99D /* DataStore.swift */ = {isa = PBXFileReference; fileEncoding = 4; lastKnownFileType = sourcecode.swift; path = DataStore.swift; sourceTree = "<group>"; };
		9349173A2A4622A000FFC99D /* ContactsView.swift */ = {isa = PBXFileReference; lastKnownFileType = sourcecode.swift; path = ContactsView.swift; sourceTree = "<group>"; };
		9349173C2A4622C000FFC99D /* ContactDetailsView.swift */ = {isa = PBXFileReference; lastKnownFileType = sourcecode.swift; path = ContactDetailsView.swift; sourceTree = "<group>"; };
		9349173E2A4622D000FFC99D /* NumbersView.swift */ = {isa = PBXFileReference; lastKnownFileType = sourcecode.swift; path = NumbersView.swift; sourceTree = "<group>"; };
		934917402A4622F700FFC99D /* ContactRowView.swift */ = {isa = PBXFileReference; lastKnownFileType = sourcecode.swift; path = ContactRowView.swift; sourceTree = "<group>"; };
/* End PBXFileReference section */

/* Begin PBXFrameworksBuildPhase section */
		934917222A45A26300FFC99D /* Frameworks */ = {
			isa = PBXFrameworksBuildPhase;
			buildActionMask = 2147483647;
			files = (
			);
			runOnlyForDeploymentPostprocessing = 0;
		};
/* End PBXFrameworksBuildPhase section */

/* Begin PBXGroup section */
		9349171C2A45A26300FFC99D = {
			isa = PBXGroup;
			children = (
				934917272A45A26300FFC99D /* ContactList SwiftUI */,
				934917262A45A26300FFC99D /* Products */,
			);
			sourceTree = "<group>";
		};
		934917262A45A26300FFC99D /* Products */ = {
			isa = PBXGroup;
			children = (
				934917252A45A26300FFC99D /* ContactList SwiftUI.app */,
			);
			name = Products;
			sourceTree = "<group>";
		};
		934917272A45A26300FFC99D /* ContactList SwiftUI */ = {
			isa = PBXGroup;
			children = (
				934917382A45A35900FFC99D /* DataStore.swift */,
				934917362A45A34100FFC99D /* Person.swift */,
				934917282A45A26300FFC99D /* ContactList_SwiftUIApp.swift */,
				9349173A2A4622A000FFC99D /* ContactsView.swift */,
				9349172A2A45A26300FFC99D /* ContentView.swift */,
				9349173C2A4622C000FFC99D /* ContactDetailsView.swift */,
				9349173E2A4622D000FFC99D /* NumbersView.swift */,
				934917402A4622F700FFC99D /* ContactRowView.swift */,
				9349172C2A45A26500FFC99D /* Assets.xcassets */,
				9349172E2A45A26500FFC99D /* Preview Content */,
			);
			path = "ContactList SwiftUI";
			sourceTree = "<group>";
		};
		9349172E2A45A26500FFC99D /* Preview Content */ = {
			isa = PBXGroup;
			children = (
				9349172F2A45A26500FFC99D /* Preview Assets.xcassets */,
			);
			path = "Preview Content";
			sourceTree = "<group>";
		};
/* End PBXGroup section */

/* Begin PBXNativeTarget section */
		934917242A45A26300FFC99D /* ContactList SwiftUI */ = {
			isa = PBXNativeTarget;
			buildConfigurationList = 934917332A45A26500FFC99D /* Build configuration list for PBXNativeTarget "ContactList SwiftUI" */;
			buildPhases = (
				934917212A45A26300FFC99D /* Sources */,
				934917222A45A26300FFC99D /* Frameworks */,
				934917232A45A26300FFC99D /* Resources */,
			);
			buildRules = (
			);
			dependencies = (
			);
			name = "ContactList SwiftUI";
			productName = "ContactList SwiftUI";
			productReference = 934917252A45A26300FFC99D /* ContactList SwiftUI.app */;
			productType = "com.apple.product-type.application";
		};
/* End PBXNativeTarget section */

/* Begin PBXProject section */
		9349171D2A45A26300FFC99D /* Project object */ = {
			isa = PBXProject;
			attributes = {
				BuildIndependentTargetsInParallel = 1;
				LastSwiftUpdateCheck = 1430;
				LastUpgradeCheck = 1430;
				TargetAttributes = {
					934917242A45A26300FFC99D = {
						CreatedOnToolsVersion = 14.3;
					};
				};
			};
			buildConfigurationList = 934917202A45A26300FFC99D /* Build configuration list for PBXProject "ContactList SwiftUI" */;
			compatibilityVersion = "Xcode 14.0";
			developmentRegion = en;
			hasScannedForEncodings = 0;
			knownRegions = (
				en,
				Base,
			);
			mainGroup = 9349171C2A45A26300FFC99D;
			productRefGroup = 934917262A45A26300FFC99D /* Products */;
			projectDirPath = "";
			projectRoot = "";
			targets = (
				934917242A45A26300FFC99D /* ContactList SwiftUI */,
			);
		};
/* End PBXProject section */

/* Begin PBXResourcesBuildPhase section */
		934917232A45A26300FFC99D /* Resources */ = {
			isa = PBXResourcesBuildPhase;
			buildActionMask = 2147483647;
			files = (
				934917302A45A26500FFC99D /* Preview Assets.xcassets in Resources */,
				9349172D2A45A26500FFC99D /* Assets.xcassets in Resources */,
			);
			runOnlyForDeploymentPostprocessing = 0;
		};
/* End PBXResourcesBuildPhase section */

/* Begin PBXSourcesBuildPhase section */
		934917212A45A26300FFC99D /* Sources */ = {
			isa = PBXSourcesBuildPhase;
			buildActionMask = 2147483647;
			files = (
				934917372A45A34200FFC99D /* Person.swift in Sources */,
				934917392A45A35900FFC99D /* DataStore.swift in Sources */,
				9349172B2A45A26300FFC99D /* ContentView.swift in Sources */,
				9349173B2A4622A000FFC99D /* ContactsView.swift in Sources */,
				9349173F2A4622D000FFC99D /* NumbersView.swift in Sources */,
				9349173D2A4622C000FFC99D /* ContactDetailsView.swift in Sources */,
				934917412A4622F700FFC99D /* ContactRowView.swift in Sources */,
				934917292A45A26300FFC99D /* ContactList_SwiftUIApp.swift in Sources */,
			);
			runOnlyForDeploymentPostprocessing = 0;
		};
/* End PBXSourcesBuildPhase section */

/* Begin XCBuildConfiguration section */
		934917312A45A26500FFC99D /* Debug */ = {
			isa = XCBuildConfiguration;
			buildSettings = {
				ALWAYS_SEARCH_USER_PATHS = NO;
				CLANG_ANALYZER_NONNULL = YES;
				CLANG_ANALYZER_NUMBER_OBJECT_CONVERSION = YES_AGGRESSIVE;
				CLANG_CXX_LANGUAGE_STANDARD = "gnu++20";
				CLANG_ENABLE_MODULES = YES;
				CLANG_ENABLE_OBJC_ARC = YES;
				CLANG_ENABLE_OBJC_WEAK = YES;
				CLANG_WARN_BLOCK_CAPTURE_AUTORELEASING = YES;
				CLANG_WARN_BOOL_CONVERSION = YES;
				CLANG_WARN_COMMA = YES;
				CLANG_WARN_CONSTANT_CONVERSION = YES;
				CLANG_WARN_DEPRECATED_OBJC_IMPLEMENTATIONS = YES;
				CLANG_WARN_DIRECT_OBJC_ISA_USAGE = YES_ERROR;
				CLANG_WARN_DOCUMENTATION_COMMENTS = YES;
				CLANG_WARN_EMPTY_BODY = YES;
				CLANG_WARN_ENUM_CONVERSION = YES;
				CLANG_WARN_INFINITE_RECURSION = YES;
				CLANG_WARN_INT_CONVERSION = YES;
				CLANG_WARN_NON_LITERAL_NULL_CONVERSION = YES;
				CLANG_WARN_OBJC_IMPLICIT_RETAIN_SELF = YES;
				CLANG_WARN_OBJC_LITERAL_CONVERSION = YES;
				CLANG_WARN_OBJC_ROOT_CLASS = YES_ERROR;
				CLANG_WARN_QUOTED_INCLUDE_IN_FRAMEWORK_HEADER = YES;
				CLANG_WARN_RANGE_LOOP_ANALYSIS = YES;
				CLANG_WARN_STRICT_PROTOTYPES = YES;
				CLANG_WARN_SUSPICIOUS_MOVE = YES;
				CLANG_WARN_UNGUARDED_AVAILABILITY = YES_AGGRESSIVE;
				CLANG_WARN_UNREACHABLE_CODE = YES;
				CLANG_WARN__DUPLICATE_METHOD_MATCH = YES;
				COPY_PHASE_STRIP = NO;
				DEBUG_INFORMATION_FORMAT = dwarf;
				ENABLE_STRICT_OBJC_MSGSEND = YES;
				ENABLE_TESTABILITY = YES;
				GCC_C_LANGUAGE_STANDARD = gnu11;
				GCC_DYNAMIC_NO_PIC = NO;
				GCC_NO_COMMON_BLOCKS = YES;
				GCC_OPTIMIZATION_LEVEL = 0;
				GCC_PREPROCESSOR_DEFINITIONS = (
					"DEBUG=1",
					"$(inherited)",
				);
				GCC_WARN_64_TO_32_BIT_CONVERSION = YES;
				GCC_WARN_ABOUT_RETURN_TYPE = YES_ERROR;
				GCC_WARN_UNDECLARED_SELECTOR = YES;
				GCC_WARN_UNINITIALIZED_AUTOS = YES_AGGRESSIVE;
				GCC_WARN_UNUSED_FUNCTION = YES;
				GCC_WARN_UNUSED_VARIABLE = YES;
				IPHONEOS_DEPLOYMENT_TARGET = 16.4;
				MTL_ENABLE_DEBUG_INFO = INCLUDE_SOURCE;
				MTL_FAST_MATH = YES;
				ONLY_ACTIVE_ARCH = YES;
				SDKROOT = iphoneos;
				SWIFT_ACTIVE_COMPILATION_CONDITIONS = DEBUG;
				SWIFT_OPTIMIZATION_LEVEL = "-Onone";
			};
			name = Debug;
		};
		934917322A45A26500FFC99D /* Release */ = {
			isa = XCBuildConfiguration;
			buildSettings = {
				ALWAYS_SEARCH_USER_PATHS = NO;
				CLANG_ANALYZER_NONNULL = YES;
				CLANG_ANALYZER_NUMBER_OBJECT_CONVERSION = YES_AGGRESSIVE;
				CLANG_CXX_LANGUAGE_STANDARD = "gnu++20";
				CLANG_ENABLE_MODULES = YES;
				CLANG_ENABLE_OBJC_ARC = YES;
				CLANG_ENABLE_OBJC_WEAK = YES;
				CLANG_WARN_BLOCK_CAPTURE_AUTORELEASING = YES;
				CLANG_WARN_BOOL_CONVERSION = YES;
				CLANG_WARN_COMMA = YES;
				CLANG_WARN_CONSTANT_CONVERSION = YES;
				CLANG_WARN_DEPRECATED_OBJC_IMPLEMENTATIONS = YES;
				CLANG_WARN_DIRECT_OBJC_ISA_USAGE = YES_ERROR;
				CLANG_WARN_DOCUMENTATION_COMMENTS = YES;
				CLANG_WARN_EMPTY_BODY = YES;
				CLANG_WARN_ENUM_CONVERSION = YES;
				CLANG_WARN_INFINITE_RECURSION = YES;
				CLANG_WARN_INT_CONVERSION = YES;
				CLANG_WARN_NON_LITERAL_NULL_CONVERSION = YES;
				CLANG_WARN_OBJC_IMPLICIT_RETAIN_SELF = YES;
				CLANG_WARN_OBJC_LITERAL_CONVERSION = YES;
				CLANG_WARN_OBJC_ROOT_CLASS = YES_ERROR;
				CLANG_WARN_QUOTED_INCLUDE_IN_FRAMEWORK_HEADER = YES;
				CLANG_WARN_RANGE_LOOP_ANALYSIS = YES;
				CLANG_WARN_STRICT_PROTOTYPES = YES;
				CLANG_WARN_SUSPICIOUS_MOVE = YES;
				CLANG_WARN_UNGUARDED_AVAILABILITY = YES_AGGRESSIVE;
				CLANG_WARN_UNREACHABLE_CODE = YES;
				CLANG_WARN__DUPLICATE_METHOD_MATCH = YES;
				COPY_PHASE_STRIP = NO;
				DEBUG_INFORMATION_FORMAT = "dwarf-with-dsym";
				ENABLE_NS_ASSERTIONS = NO;
				ENABLE_STRICT_OBJC_MSGSEND = YES;
				GCC_C_LANGUAGE_STANDARD = gnu11;
				GCC_NO_COMMON_BLOCKS = YES;
				GCC_WARN_64_TO_32_BIT_CONVERSION = YES;
				GCC_WARN_ABOUT_RETURN_TYPE = YES_ERROR;
				GCC_WARN_UNDECLARED_SELECTOR = YES;
				GCC_WARN_UNINITIALIZED_AUTOS = YES_AGGRESSIVE;
				GCC_WARN_UNUSED_FUNCTION = YES;
				GCC_WARN_UNUSED_VARIABLE = YES;
				IPHONEOS_DEPLOYMENT_TARGET = 16.4;
				MTL_ENABLE_DEBUG_INFO = NO;
				MTL_FAST_MATH = YES;
				SDKROOT = iphoneos;
				SWIFT_COMPILATION_MODE = wholemodule;
				SWIFT_OPTIMIZATION_LEVEL = "-O";
				VALIDATE_PRODUCT = YES;
			};
			name = Release;
		};
		934917342A45A26500FFC99D /* Debug */ = {
			isa = XCBuildConfiguration;
			buildSettings = {
				ASSETCATALOG_COMPILER_APPICON_NAME = AppIcon;
				ASSETCATALOG_COMPILER_GLOBAL_ACCENT_COLOR_NAME = AccentColor;
				CODE_SIGN_STYLE = Automatic;
				CURRENT_PROJECT_VERSION = 1;
				DEVELOPMENT_ASSET_PATHS = "\"ContactList SwiftUI/Preview Content\"";
				DEVELOPMENT_TEAM = 7PMP3UQ276;
				ENABLE_PREVIEWS = YES;
				GENERATE_INFOPLIST_FILE = YES;
				INFOPLIST_KEY_UIApplicationSceneManifest_Generation = YES;
				INFOPLIST_KEY_UIApplicationSupportsIndirectInputEvents = YES;
				INFOPLIST_KEY_UILaunchScreen_Generation = YES;
				INFOPLIST_KEY_UISupportedInterfaceOrientations_iPad = "UIInterfaceOrientationPortrait UIInterfaceOrientationPortraitUpsideDown UIInterfaceOrientationLandscapeLeft UIInterfaceOrientationLandscapeRight";
				INFOPLIST_KEY_UISupportedInterfaceOrientations_iPhone = "UIInterfaceOrientationPortrait UIInterfaceOrientationLandscapeLeft UIInterfaceOrientationLandscapeRight";
				LD_RUNPATH_SEARCH_PATHS = (
					"$(inherited)",
					"@executable_path/Frameworks",
				);
				MARKETING_VERSION = 1.0;
				PRODUCT_BUNDLE_IDENTIFIER = "ru.swiftbook.ContactList-SwiftUI";
				PRODUCT_NAME = "$(TARGET_NAME)";
				SWIFT_EMIT_LOC_STRINGS = YES;
				SWIFT_VERSION = 5.0;
				TARGETED_DEVICE_FAMILY = "1,2";
			};
			name = Debug;
		};
		934917352A45A26500FFC99D /* Release */ = {
			isa = XCBuildConfiguration;
			buildSettings = {
				ASSETCATALOG_COMPILER_APPICON_NAME = AppIcon;
				ASSETCATALOG_COMPILER_GLOBAL_ACCENT_COLOR_NAME = AccentColor;
				CODE_SIGN_STYLE = Automatic;
				CURRENT_PROJECT_VERSION = 1;
				DEVELOPMENT_ASSET_PATHS = "\"ContactList SwiftUI/Preview Content\"";
				DEVELOPMENT_TEAM = 7PMP3UQ276;
				ENABLE_PREVIEWS = YES;
				GENERATE_INFOPLIST_FILE = YES;
				INFOPLIST_KEY_UIApplicationSceneManifest_Generation = YES;
				INFOPLIST_KEY_UIApplicationSupportsIndirectInputEvents = YES;
				INFOPLIST_KEY_UILaunchScreen_Generation = YES;
				INFOPLIST_KEY_UISupportedInterfaceOrientations_iPad = "UIInterfaceOrientationPortrait UIInterfaceOrientationPortraitUpsideDown UIInterfaceOrientationLandscapeLeft UIInterfaceOrientationLandscapeRight";
				INFOPLIST_KEY_UISupportedInterfaceOrientations_iPhone = "UIInterfaceOrientationPortrait UIInterfaceOrientationLandscapeLeft UIInterfaceOrientationLandscapeRight";
				LD_RUNPATH_SEARCH_PATHS = (
					"$(inherited)",
					"@executable_path/Frameworks",
				);
				MARKETING_VERSION = 1.0;
				PRODUCT_BUNDLE_IDENTIFIER = "ru.swiftbook.ContactList-SwiftUI";
				PRODUCT_NAME = "$(TARGET_NAME)";
				SWIFT_EMIT_LOC_STRINGS = YES;
				SWIFT_VERSION = 5.0;
				TARGETED_DEVICE_FAMILY = "1,2";
			};
			name = Release;
		};
/* End XCBuildConfiguration section */

/* Begin XCConfigurationList section */
		934917202A45A26300FFC99D /* Build configuration list for PBXProject "ContactList SwiftUI" */ = {
			isa = XCConfigurationList;
			buildConfigurations = (
				934917312A45A26500FFC99D /* Debug */,
				934917322A45A26500FFC99D /* Release */,
			);
			defaultConfigurationIsVisible = 0;
			defaultConfigurationName = Release;
		};
		934917332A45A26500FFC99D /* Build configuration list for PBXNativeTarget "ContactList SwiftUI" */ = {
			isa = XCConfigurationList;
			buildConfigurations = (
				934917342A45A26500FFC99D /* Debug */,
				934917352A45A26500FFC99D /* Release */,
			);
			defaultConfigurationIsVisible = 0;
			defaultConfigurationName = Release;
		};
/* End XCConfigurationList section */
	};
	rootObject = 9349171D2A45A26300FFC99D /* Project object */;
}
